// !$*UTF8*$!
{
	archiveVersion = 1;
	classes = {
	};
	objectVersion = 50;
	objects = {

/* Begin PBXBuildFile section */
		31E14EA4476AFE3C3605C447 /* libPods-YSLoaderSample.a in Frameworks */ = {isa = PBXBuildFile; fileRef = 1F781DB01DCFBFDE108038C3 /* libPods-YSLoaderSample.a */; };
		662D51758C0ACC8F7AC5FA05 /* libPods-YSLoaderSampleTests.a in Frameworks */ = {isa = PBXBuildFile; fileRef = 8050E487550816DEB4C61939 /* libPods-YSLoaderSampleTests.a */; };
		9903BC792353C060009D216E /* UIImage+assets.swift in Sources */ = {isa = PBXBuildFile; fileRef = 9903BC782353C060009D216E /* UIImage+assets.swift */; };
		9903BC7C2353D61D009D216E /* PinCellViewModel.swift in Sources */ = {isa = PBXBuildFile; fileRef = 9903BC7B2353D61D009D216E /* PinCellViewModel.swift */; };
		99300E682355187600044483 /* PinboardViewControllerTests.swift in Sources */ = {isa = PBXBuildFile; fileRef = 99300E672355187600044483 /* PinboardViewControllerTests.swift */; };
		99300E6C235523FF00044483 /* pinStub.json in Resources */ = {isa = PBXBuildFile; fileRef = 99300E6B235523FF00044483 /* pinStub.json */; };
		99300E6D2355265600044483 /* pinStub.json in Resources */ = {isa = PBXBuildFile; fileRef = 99300E6B235523FF00044483 /* pinStub.json */; };
		9985C5A42350A80E0089293E /* Link.swift in Sources */ = {isa = PBXBuildFile; fileRef = 9985C5A32350A80E0089293E /* Link.swift */; };
		9985C5A62350A83B0089293E /* Category.swift in Sources */ = {isa = PBXBuildFile; fileRef = 9985C5A52350A83B0089293E /* Category.swift */; };
		9985C5A82350A86D0089293E /* ImageURL.swift in Sources */ = {isa = PBXBuildFile; fileRef = 9985C5A72350A86D0089293E /* ImageURL.swift */; };
		9985C5AA2350A8AC0089293E /* User.swift in Sources */ = {isa = PBXBuildFile; fileRef = 9985C5A92350A8AC0089293E /* User.swift */; };
		9985C5B22350B05E0089293E /* Constants.swift in Sources */ = {isa = PBXBuildFile; fileRef = 9985C5B12350B05E0089293E /* Constants.swift */; };
		9985C5B62350C7070089293E /* PinboardTableViewCell.swift in Sources */ = {isa = PBXBuildFile; fileRef = 9985C5B52350C7070089293E /* PinboardTableViewCell.swift */; };
		9985C5B82350E0F60089293E /* GCD.swift in Sources */ = {isa = PBXBuildFile; fileRef = 9985C5B72350E0F60089293E /* GCD.swift */; };
		9985C5BA235192940089293E /* PinboardViewController+MBProgressHud.swift in Sources */ = {isa = PBXBuildFile; fileRef = 9985C5B9235192940089293E /* PinboardViewController+MBProgressHud.swift */; };
		9985C5BE2351A5C20089293E /* PinboardViewModelTests.swift in Sources */ = {isa = PBXBuildFile; fileRef = 9985C5BD2351A5C20089293E /* PinboardViewModelTests.swift */; };
		9985C5C02351AABC0089293E /* MockYSLoader.swift in Sources */ = {isa = PBXBuildFile; fileRef = 9985C5BF2351AABC0089293E /* MockYSLoader.swift */; };
		9997A3A2234D71C600787435 /* AppDelegate.swift in Sources */ = {isa = PBXBuildFile; fileRef = 9997A3A1234D71C600787435 /* AppDelegate.swift */; };
		9997A3A4234D71C600787435 /* PinboardViewController.swift in Sources */ = {isa = PBXBuildFile; fileRef = 9997A3A3234D71C600787435 /* PinboardViewController.swift */; };
		9997A3A7234D71C600787435 /* Main.storyboard in Resources */ = {isa = PBXBuildFile; fileRef = 9997A3A5234D71C600787435 /* Main.storyboard */; };
		9997A3A9234D71C800787435 /* Assets.xcassets in Resources */ = {isa = PBXBuildFile; fileRef = 9997A3A8234D71C800787435 /* Assets.xcassets */; };
		9997A3AC234D71C800787435 /* LaunchScreen.storyboard in Resources */ = {isa = PBXBuildFile; fileRef = 9997A3AA234D71C800787435 /* LaunchScreen.storyboard */; };
		9997A3C4234DAA0400787435 /* PinboardViewModel.swift in Sources */ = {isa = PBXBuildFile; fileRef = 9997A3C3234DAA0400787435 /* PinboardViewModel.swift */; };
		9997A3C6234DDD5C00787435 /* Pin.swift in Sources */ = {isa = PBXBuildFile; fileRef = 9997A3C5234DDD5C00787435 /* Pin.swift */; };
/* End PBXBuildFile section */

/* Begin PBXContainerItemProxy section */
		9997A3B3234D71C800787435 /* PBXContainerItemProxy */ = {
			isa = PBXContainerItemProxy;
			containerPortal = 9997A396234D71C600787435 /* Project object */;
			proxyType = 1;
			remoteGlobalIDString = 9997A39D234D71C600787435;
			remoteInfo = YSLoaderSample;
		};
/* End PBXContainerItemProxy section */

/* Begin PBXFileReference section */
		1F781DB01DCFBFDE108038C3 /* libPods-YSLoaderSample.a */ = {isa = PBXFileReference; explicitFileType = archive.ar; includeInIndex = 0; path = "libPods-YSLoaderSample.a"; sourceTree = BUILT_PRODUCTS_DIR; };
		5F78B066C832F52202434A70 /* Pods-YSLoaderSample.debug.xcconfig */ = {isa = PBXFileReference; includeInIndex = 1; lastKnownFileType = text.xcconfig; name = "Pods-YSLoaderSample.debug.xcconfig"; path = "Target Support Files/Pods-YSLoaderSample/Pods-YSLoaderSample.debug.xcconfig"; sourceTree = "<group>"; };
		8050E487550816DEB4C61939 /* libPods-YSLoaderSampleTests.a */ = {isa = PBXFileReference; explicitFileType = archive.ar; includeInIndex = 0; path = "libPods-YSLoaderSampleTests.a"; sourceTree = BUILT_PRODUCTS_DIR; };
		943353EAC88AE8C79183EAEB /* Pods-YSLoaderSampleTests.debug.xcconfig */ = {isa = PBXFileReference; includeInIndex = 1; lastKnownFileType = text.xcconfig; name = "Pods-YSLoaderSampleTests.debug.xcconfig"; path = "Target Support Files/Pods-YSLoaderSampleTests/Pods-YSLoaderSampleTests.debug.xcconfig"; sourceTree = "<group>"; };
		9903BC782353C060009D216E /* UIImage+assets.swift */ = {isa = PBXFileReference; lastKnownFileType = sourcecode.swift; path = "UIImage+assets.swift"; sourceTree = "<group>"; };
		9903BC7B2353D61D009D216E /* PinCellViewModel.swift */ = {isa = PBXFileReference; lastKnownFileType = sourcecode.swift; path = PinCellViewModel.swift; sourceTree = "<group>"; };
		99300E672355187600044483 /* PinboardViewControllerTests.swift */ = {isa = PBXFileReference; lastKnownFileType = sourcecode.swift; path = PinboardViewControllerTests.swift; sourceTree = "<group>"; };
		99300E6B235523FF00044483 /* pinStub.json */ = {isa = PBXFileReference; fileEncoding = 4; lastKnownFileType = text.json; path = pinStub.json; sourceTree = "<group>"; };
		9985C5A32350A80E0089293E /* Link.swift */ = {isa = PBXFileReference; lastKnownFileType = sourcecode.swift; path = Link.swift; sourceTree = "<group>"; };
		9985C5A52350A83B0089293E /* Category.swift */ = {isa = PBXFileReference; lastKnownFileType = sourcecode.swift; path = Category.swift; sourceTree = "<group>"; };
		9985C5A72350A86D0089293E /* ImageURL.swift */ = {isa = PBXFileReference; lastKnownFileType = sourcecode.swift; path = ImageURL.swift; sourceTree = "<group>"; };
		9985C5A92350A8AC0089293E /* User.swift */ = {isa = PBXFileReference; lastKnownFileType = sourcecode.swift; path = User.swift; sourceTree = "<group>"; };
		9985C5B12350B05E0089293E /* Constants.swift */ = {isa = PBXFileReference; lastKnownFileType = sourcecode.swift; path = Constants.swift; sourceTree = "<group>"; };
		9985C5B52350C7070089293E /* PinboardTableViewCell.swift */ = {isa = PBXFileReference; lastKnownFileType = sourcecode.swift; path = PinboardTableViewCell.swift; sourceTree = "<group>"; };
		9985C5B72350E0F60089293E /* GCD.swift */ = {isa = PBXFileReference; lastKnownFileType = sourcecode.swift; path = GCD.swift; sourceTree = "<group>"; };
		9985C5B9235192940089293E /* PinboardViewController+MBProgressHud.swift */ = {isa = PBXFileReference; lastKnownFileType = sourcecode.swift; path = "PinboardViewController+MBProgressHud.swift"; sourceTree = "<group>"; };
		9985C5BD2351A5C20089293E /* PinboardViewModelTests.swift */ = {isa = PBXFileReference; lastKnownFileType = sourcecode.swift; path = PinboardViewModelTests.swift; sourceTree = "<group>"; };
		9985C5BF2351AABC0089293E /* MockYSLoader.swift */ = {isa = PBXFileReference; lastKnownFileType = sourcecode.swift; path = MockYSLoader.swift; sourceTree = "<group>"; };
		9997A39E234D71C600787435 /* YSLoaderSample.app */ = {isa = PBXFileReference; explicitFileType = wrapper.application; includeInIndex = 0; path = YSLoaderSample.app; sourceTree = BUILT_PRODUCTS_DIR; };
		9997A3A1234D71C600787435 /* AppDelegate.swift */ = {isa = PBXFileReference; lastKnownFileType = sourcecode.swift; path = AppDelegate.swift; sourceTree = "<group>"; };
		9997A3A3234D71C600787435 /* PinboardViewController.swift */ = {isa = PBXFileReference; lastKnownFileType = sourcecode.swift; path = PinboardViewController.swift; sourceTree = "<group>"; };
		9997A3A6234D71C600787435 /* Base */ = {isa = PBXFileReference; lastKnownFileType = file.storyboard; name = Base; path = Base.lproj/Main.storyboard; sourceTree = "<group>"; };
		9997A3A8234D71C800787435 /* Assets.xcassets */ = {isa = PBXFileReference; lastKnownFileType = folder.assetcatalog; path = Assets.xcassets; sourceTree = "<group>"; };
		9997A3AB234D71C800787435 /* Base */ = {isa = PBXFileReference; lastKnownFileType = file.storyboard; name = Base; path = Base.lproj/LaunchScreen.storyboard; sourceTree = "<group>"; };
		9997A3AD234D71C800787435 /* Info.plist */ = {isa = PBXFileReference; lastKnownFileType = text.plist.xml; path = Info.plist; sourceTree = "<group>"; };
		9997A3B2234D71C800787435 /* YSLoaderSampleTests.xctest */ = {isa = PBXFileReference; explicitFileType = wrapper.cfbundle; includeInIndex = 0; path = YSLoaderSampleTests.xctest; sourceTree = BUILT_PRODUCTS_DIR; };
		9997A3B8234D71C800787435 /* Info.plist */ = {isa = PBXFileReference; lastKnownFileType = text.plist.xml; path = Info.plist; sourceTree = "<group>"; };
		9997A3C3234DAA0400787435 /* PinboardViewModel.swift */ = {isa = PBXFileReference; lastKnownFileType = sourcecode.swift; path = PinboardViewModel.swift; sourceTree = "<group>"; };
		9997A3C5234DDD5C00787435 /* Pin.swift */ = {isa = PBXFileReference; lastKnownFileType = sourcecode.swift; path = Pin.swift; sourceTree = "<group>"; };
		C0D7835CE5B4F2A7D1AE7DE5 /* Pods-YSLoaderSample.release.xcconfig */ = {isa = PBXFileReference; includeInIndex = 1; lastKnownFileType = text.xcconfig; name = "Pods-YSLoaderSample.release.xcconfig"; path = "Target Support Files/Pods-YSLoaderSample/Pods-YSLoaderSample.release.xcconfig"; sourceTree = "<group>"; };
		EA0520E9FCA24A345EA38C06 /* Pods-YSLoaderSampleTests.release.xcconfig */ = {isa = PBXFileReference; includeInIndex = 1; lastKnownFileType = text.xcconfig; name = "Pods-YSLoaderSampleTests.release.xcconfig"; path = "Target Support Files/Pods-YSLoaderSampleTests/Pods-YSLoaderSampleTests.release.xcconfig"; sourceTree = "<group>"; };
/* End PBXFileReference section */

/* Begin PBXFrameworksBuildPhase section */
		9997A39B234D71C600787435 /* Frameworks */ = {
			isa = PBXFrameworksBuildPhase;
			buildActionMask = 2147483647;
			files = (
				31E14EA4476AFE3C3605C447 /* libPods-YSLoaderSample.a in Frameworks */,
			);
			runOnlyForDeploymentPostprocessing = 0;
		};
		9997A3AF234D71C800787435 /* Frameworks */ = {
			isa = PBXFrameworksBuildPhase;
			buildActionMask = 2147483647;
			files = (
				662D51758C0ACC8F7AC5FA05 /* libPods-YSLoaderSampleTests.a in Frameworks */,
			);
			runOnlyForDeploymentPostprocessing = 0;
		};
/* End PBXFrameworksBuildPhase section */

/* Begin PBXGroup section */
		7F96A455D626B62755BD3D8B /* Pods */ = {
			isa = PBXGroup;
			children = (
				5F78B066C832F52202434A70 /* Pods-YSLoaderSample.debug.xcconfig */,
				C0D7835CE5B4F2A7D1AE7DE5 /* Pods-YSLoaderSample.release.xcconfig */,
				943353EAC88AE8C79183EAEB /* Pods-YSLoaderSampleTests.debug.xcconfig */,
				EA0520E9FCA24A345EA38C06 /* Pods-YSLoaderSampleTests.release.xcconfig */,
			);
			path = Pods;
			sourceTree = "<group>";
		};
		9903BC7A2353D32F009D216E /* Cells */ = {
			isa = PBXGroup;
			children = (
				9985C5B52350C7070089293E /* PinboardTableViewCell.swift */,
			);
			path = Cells;
			sourceTree = "<group>";
		};
		99300E712355955200044483 /* Extensions */ = {
			isa = PBXGroup;
			children = (
				9985C5B9235192940089293E /* PinboardViewController+MBProgressHud.swift */,
			);
			path = Extensions;
			sourceTree = "<group>";
		};
		99300E722355956500044483 /* Mocks */ = {
			isa = PBXGroup;
			children = (
				9985C5BF2351AABC0089293E /* MockYSLoader.swift */,
			);
			path = Mocks;
			sourceTree = "<group>";
		};
		99300E732355956C00044483 /* DataStubs */ = {
			isa = PBXGroup;
			children = (
				99300E6B235523FF00044483 /* pinStub.json */,
			);
			path = DataStubs;
			sourceTree = "<group>";
		};
		9985C5A22350A7BC0089293E /* Models */ = {
			isa = PBXGroup;
			children = (
				9997A3C5234DDD5C00787435 /* Pin.swift */,
				9985C5A32350A80E0089293E /* Link.swift */,
				9985C5A52350A83B0089293E /* Category.swift */,
				9985C5A92350A8AC0089293E /* User.swift */,
				9985C5A72350A86D0089293E /* ImageURL.swift */,
			);
			path = Models;
			sourceTree = "<group>";
		};
		9985C5AB2350AA480089293E /* ViewModels */ = {
			isa = PBXGroup;
			children = (
				9997A3C3234DAA0400787435 /* PinboardViewModel.swift */,
				9903BC7B2353D61D009D216E /* PinCellViewModel.swift */,
			);
			path = ViewModels;
			sourceTree = "<group>";
		};
		9985C5AC2350AA6B0089293E /* Resources */ = {
			isa = PBXGroup;
			children = (
				9997A3A5234D71C600787435 /* Main.storyboard */,
				9997A3A8234D71C800787435 /* Assets.xcassets */,
				9997A3AA234D71C800787435 /* LaunchScreen.storyboard */,
				9997A3AD234D71C800787435 /* Info.plist */,
			);
			path = Resources;
			sourceTree = "<group>";
		};
		9985C5BB235194C90089293E /* Helpers */ = {
			isa = PBXGroup;
			children = (
				9903BC782353C060009D216E /* UIImage+assets.swift */,
				9985C5B12350B05E0089293E /* Constants.swift */,
				9985C5B72350E0F60089293E /* GCD.swift */,
			);
			path = Helpers;
			sourceTree = "<group>";
		};
		9997A395234D71C600787435 = {
			isa = PBXGroup;
			children = (
				9997A3A0234D71C600787435 /* YSLoaderSample */,
				9997A3B5234D71C800787435 /* YSLoaderSampleTests */,
				9997A39F234D71C600787435 /* Products */,
				7F96A455D626B62755BD3D8B /* Pods */,
				F31AD872D2B0B1F57FF37AB7 /* Frameworks */,
			);
			sourceTree = "<group>";
		};
		9997A39F234D71C600787435 /* Products */ = {
			isa = PBXGroup;
			children = (
				9997A39E234D71C600787435 /* YSLoaderSample.app */,
				9997A3B2234D71C800787435 /* YSLoaderSampleTests.xctest */,
			);
			name = Products;
			sourceTree = "<group>";
		};
		9997A3A0234D71C600787435 /* YSLoaderSample */ = {
			isa = PBXGroup;
			children = (
				9997A3A1234D71C600787435 /* AppDelegate.swift */,
				9997A3A3234D71C600787435 /* PinboardViewController.swift */,
				99300E712355955200044483 /* Extensions */,
				9903BC7A2353D32F009D216E /* Cells */,
				9985C5AB2350AA480089293E /* ViewModels */,
				9985C5A22350A7BC0089293E /* Models */,
				9985C5BB235194C90089293E /* Helpers */,
				9985C5AC2350AA6B0089293E /* Resources */,
			);
			path = YSLoaderSample;
			sourceTree = "<group>";
		};
		9997A3B5234D71C800787435 /* YSLoaderSampleTests */ = {
			isa = PBXGroup;
			children = (
				99300E672355187600044483 /* PinboardViewControllerTests.swift */,
				9985C5BD2351A5C20089293E /* PinboardViewModelTests.swift */,
				99300E722355956500044483 /* Mocks */,
				99300E732355956C00044483 /* DataStubs */,
				9997A3B8234D71C800787435 /* Info.plist */,
			);
			path = YSLoaderSampleTests;
			sourceTree = "<group>";
		};
		F31AD872D2B0B1F57FF37AB7 /* Frameworks */ = {
			isa = PBXGroup;
			children = (
				1F781DB01DCFBFDE108038C3 /* libPods-YSLoaderSample.a */,
				8050E487550816DEB4C61939 /* libPods-YSLoaderSampleTests.a */,
			);
			name = Frameworks;
			sourceTree = "<group>";
		};
/* End PBXGroup section */

/* Begin PBXNativeTarget section */
		9997A39D234D71C600787435 /* YSLoaderSample */ = {
			isa = PBXNativeTarget;
			buildConfigurationList = 9997A3BB234D71C800787435 /* Build configuration list for PBXNativeTarget "YSLoaderSample" */;
			buildPhases = (
				7A9D033F463A8370FCB21230 /* [CP] Check Pods Manifest.lock */,
				9997A39A234D71C600787435 /* Sources */,
				9997A39B234D71C600787435 /* Frameworks */,
				9997A39C234D71C600787435 /* Resources */,
			);
			buildRules = (
			);
			dependencies = (
			);
			name = YSLoaderSample;
			productName = YSLoaderSample;
			productReference = 9997A39E234D71C600787435 /* YSLoaderSample.app */;
			productType = "com.apple.product-type.application";
		};
		9997A3B1234D71C800787435 /* YSLoaderSampleTests */ = {
			isa = PBXNativeTarget;
			buildConfigurationList = 9997A3BE234D71C800787435 /* Build configuration list for PBXNativeTarget "YSLoaderSampleTests" */;
			buildPhases = (
				90527346B11C130BB99C3187 /* [CP] Check Pods Manifest.lock */,
				9997A3AE234D71C800787435 /* Sources */,
				9997A3AF234D71C800787435 /* Frameworks */,
				9997A3B0234D71C800787435 /* Resources */,
			);
			buildRules = (
			);
			dependencies = (
				9997A3B4234D71C800787435 /* PBXTargetDependency */,
			);
			name = YSLoaderSampleTests;
			productName = YSLoaderSampleTests;
			productReference = 9997A3B2234D71C800787435 /* YSLoaderSampleTests.xctest */;
			productType = "com.apple.product-type.bundle.unit-test";
		};
/* End PBXNativeTarget section */

/* Begin PBXProject section */
		9997A396234D71C600787435 /* Project object */ = {
			isa = PBXProject;
			attributes = {
				LastSwiftUpdateCheck = 1030;
				LastUpgradeCheck = 1030;
				ORGANIZATIONNAME = "Yahya Saddiq";
				TargetAttributes = {
					9997A39D234D71C600787435 = {
						CreatedOnToolsVersion = 10.3;
					};
					9997A3B1234D71C800787435 = {
						CreatedOnToolsVersion = 10.3;
						TestTargetID = 9997A39D234D71C600787435;
					};
				};
			};
			buildConfigurationList = 9997A399234D71C600787435 /* Build configuration list for PBXProject "YSLoaderSample" */;
			compatibilityVersion = "Xcode 9.3";
			developmentRegion = en;
			hasScannedForEncodings = 0;
			knownRegions = (
				en,
				Base,
			);
			mainGroup = 9997A395234D71C600787435;
			productRefGroup = 9997A39F234D71C600787435 /* Products */;
			projectDirPath = "";
			projectRoot = "";
			targets = (
				9997A39D234D71C600787435 /* YSLoaderSample */,
				9997A3B1234D71C800787435 /* YSLoaderSampleTests */,
			);
		};
/* End PBXProject section */

/* Begin PBXResourcesBuildPhase section */
		9997A39C234D71C600787435 /* Resources */ = {
			isa = PBXResourcesBuildPhase;
			buildActionMask = 2147483647;
			files = (
				9997A3AC234D71C800787435 /* LaunchScreen.storyboard in Resources */,
				99300E6D2355265600044483 /* pinStub.json in Resources */,
				9997A3A9234D71C800787435 /* Assets.xcassets in Resources */,
				9997A3A7234D71C600787435 /* Main.storyboard in Resources */,
			);
			runOnlyForDeploymentPostprocessing = 0;
		};
		9997A3B0234D71C800787435 /* Resources */ = {
			isa = PBXResourcesBuildPhase;
			buildActionMask = 2147483647;
			files = (
				99300E6C235523FF00044483 /* pinStub.json in Resources */,
			);
			runOnlyForDeploymentPostprocessing = 0;
		};
/* End PBXResourcesBuildPhase section */

/* Begin PBXShellScriptBuildPhase section */
		7A9D033F463A8370FCB21230 /* [CP] Check Pods Manifest.lock */ = {
			isa = PBXShellScriptBuildPhase;
			buildActionMask = 2147483647;
			files = (
			);
			inputFileListPaths = (
			);
			inputPaths = (
				"${PODS_PODFILE_DIR_PATH}/Podfile.lock",
				"${PODS_ROOT}/Manifest.lock",
			);
			name = "[CP] Check Pods Manifest.lock";
			outputFileListPaths = (
			);
			outputPaths = (
				"$(DERIVED_FILE_DIR)/Pods-YSLoaderSample-checkManifestLockResult.txt",
			);
			runOnlyForDeploymentPostprocessing = 0;
			shellPath = /bin/sh;
			shellScript = "diff \"${PODS_PODFILE_DIR_PATH}/Podfile.lock\" \"${PODS_ROOT}/Manifest.lock\" > /dev/null\nif [ $? != 0 ] ; then\n    # print error to STDERR\n    echo \"error: The sandbox is not in sync with the Podfile.lock. Run 'pod install' or update your CocoaPods installation.\" >&2\n    exit 1\nfi\n# This output is used by Xcode 'outputs' to avoid re-running this script phase.\necho \"SUCCESS\" > \"${SCRIPT_OUTPUT_FILE_0}\"\n";
			showEnvVarsInLog = 0;
		};
		90527346B11C130BB99C3187 /* [CP] Check Pods Manifest.lock */ = {
			isa = PBXShellScriptBuildPhase;
			buildActionMask = 2147483647;
			files = (
			);
			inputFileListPaths = (
			);
			inputPaths = (
				"${PODS_PODFILE_DIR_PATH}/Podfile.lock",
				"${PODS_ROOT}/Manifest.lock",
			);
			name = "[CP] Check Pods Manifest.lock";
			outputFileListPaths = (
			);
			outputPaths = (
				"$(DERIVED_FILE_DIR)/Pods-YSLoaderSampleTests-checkManifestLockResult.txt",
			);
			runOnlyForDeploymentPostprocessing = 0;
			shellPath = /bin/sh;
			shellScript = "diff \"${PODS_PODFILE_DIR_PATH}/Podfile.lock\" \"${PODS_ROOT}/Manifest.lock\" > /dev/null\nif [ $? != 0 ] ; then\n    # print error to STDERR\n    echo \"error: The sandbox is not in sync with the Podfile.lock. Run 'pod install' or update your CocoaPods installation.\" >&2\n    exit 1\nfi\n# This output is used by Xcode 'outputs' to avoid re-running this script phase.\necho \"SUCCESS\" > \"${SCRIPT_OUTPUT_FILE_0}\"\n";
			showEnvVarsInLog = 0;
		};
/* End PBXShellScriptBuildPhase section */

/* Begin PBXSourcesBuildPhase section */
		9997A39A234D71C600787435 /* Sources */ = {
			isa = PBXSourcesBuildPhase;
			buildActionMask = 2147483647;
			files = (
				9985C5BA235192940089293E /* PinboardViewController+MBProgressHud.swift in Sources */,
				9985C5A82350A86D0089293E /* ImageURL.swift in Sources */,
				9985C5A42350A80E0089293E /* Link.swift in Sources */,
				9997A3A4234D71C600787435 /* PinboardViewController.swift in Sources */,
				9903BC7C2353D61D009D216E /* PinCellViewModel.swift in Sources */,
				9997A3C4234DAA0400787435 /* PinboardViewModel.swift in Sources */,
				9985C5AA2350A8AC0089293E /* User.swift in Sources */,
				9997A3C6234DDD5C00787435 /* Pin.swift in Sources */,
				9997A3A2234D71C600787435 /* AppDelegate.swift in Sources */,
				9985C5B82350E0F60089293E /* GCD.swift in Sources */,
				9985C5A62350A83B0089293E /* Category.swift in Sources */,
				9985C5B22350B05E0089293E /* Constants.swift in Sources */,
				9985C5B62350C7070089293E /* PinboardTableViewCell.swift in Sources */,
				9903BC792353C060009D216E /* UIImage+assets.swift in Sources */,
			);
			runOnlyForDeploymentPostprocessing = 0;
		};
		9997A3AE234D71C800787435 /* Sources */ = {
			isa = PBXSourcesBuildPhase;
			buildActionMask = 2147483647;
			files = (
				9985C5C02351AABC0089293E /* MockYSLoader.swift in Sources */,
				9985C5BE2351A5C20089293E /* PinboardViewModelTests.swift in Sources */,
				99300E682355187600044483 /* PinboardViewControllerTests.swift in Sources */,
			);
			runOnlyForDeploymentPostprocessing = 0;
		};
/* End PBXSourcesBuildPhase section */

/* Begin PBXTargetDependency section */
		9997A3B4234D71C800787435 /* PBXTargetDependency */ = {
			isa = PBXTargetDependency;
			target = 9997A39D234D71C600787435 /* YSLoaderSample */;
			targetProxy = 9997A3B3234D71C800787435 /* PBXContainerItemProxy */;
		};
/* End PBXTargetDependency section */

/* Begin PBXVariantGroup section */
		9997A3A5234D71C600787435 /* Main.storyboard */ = {
			isa = PBXVariantGroup;
			children = (
				9997A3A6234D71C600787435 /* Base */,
			);
			name = Main.storyboard;
			sourceTree = "<group>";
		};
		9997A3AA234D71C800787435 /* LaunchScreen.storyboard */ = {
			isa = PBXVariantGroup;
			children = (
				9997A3AB234D71C800787435 /* Base */,
			);
			name = LaunchScreen.storyboard;
			sourceTree = "<group>";
		};
/* End PBXVariantGroup section */

/* Begin XCBuildConfiguration section */
		9997A3B9234D71C800787435 /* Debug */ = {
			isa = XCBuildConfiguration;
			buildSettings = {
				ALWAYS_SEARCH_USER_PATHS = NO;
				CLANG_ANALYZER_NONNULL = YES;
				CLANG_ANALYZER_NUMBER_OBJECT_CONVERSION = YES_AGGRESSIVE;
				CLANG_CXX_LANGUAGE_STANDARD = "gnu++14";
				CLANG_CXX_LIBRARY = "libc++";
				CLANG_ENABLE_MODULES = YES;
				CLANG_ENABLE_OBJC_ARC = YES;
				CLANG_ENABLE_OBJC_WEAK = YES;
				CLANG_WARN_BLOCK_CAPTURE_AUTORELEASING = YES;
				CLANG_WARN_BOOL_CONVERSION = YES;
				CLANG_WARN_COMMA = YES;
				CLANG_WARN_CONSTANT_CONVERSION = YES;
				CLANG_WARN_DEPRECATED_OBJC_IMPLEMENTATIONS = YES;
				CLANG_WARN_DIRECT_OBJC_ISA_USAGE = YES_ERROR;
				CLANG_WARN_DOCUMENTATION_COMMENTS = YES;
				CLANG_WARN_EMPTY_BODY = YES;
				CLANG_WARN_ENUM_CONVERSION = YES;
				CLANG_WARN_INFINITE_RECURSION = YES;
				CLANG_WARN_INT_CONVERSION = YES;
				CLANG_WARN_NON_LITERAL_NULL_CONVERSION = YES;
				CLANG_WARN_OBJC_IMPLICIT_RETAIN_SELF = YES;
				CLANG_WARN_OBJC_LITERAL_CONVERSION = YES;
				CLANG_WARN_OBJC_ROOT_CLASS = YES_ERROR;
				CLANG_WARN_RANGE_LOOP_ANALYSIS = YES;
				CLANG_WARN_STRICT_PROTOTYPES = YES;
				CLANG_WARN_SUSPICIOUS_MOVE = YES;
				CLANG_WARN_UNGUARDED_AVAILABILITY = YES_AGGRESSIVE;
				CLANG_WARN_UNREACHABLE_CODE = YES;
				CLANG_WARN__DUPLICATE_METHOD_MATCH = YES;
				CODE_SIGN_IDENTITY = "iPhone Developer";
				COPY_PHASE_STRIP = NO;
				DEBUG_INFORMATION_FORMAT = dwarf;
				ENABLE_STRICT_OBJC_MSGSEND = YES;
				ENABLE_TESTABILITY = YES;
				GCC_C_LANGUAGE_STANDARD = gnu11;
				GCC_DYNAMIC_NO_PIC = NO;
				GCC_NO_COMMON_BLOCKS = YES;
				GCC_OPTIMIZATION_LEVEL = 0;
				GCC_PREPROCESSOR_DEFINITIONS = (
					"DEBUG=1",
					"$(inherited)",
				);
				GCC_WARN_64_TO_32_BIT_CONVERSION = YES;
				GCC_WARN_ABOUT_RETURN_TYPE = YES_ERROR;
				GCC_WARN_UNDECLARED_SELECTOR = YES;
				GCC_WARN_UNINITIALIZED_AUTOS = YES_AGGRESSIVE;
				GCC_WARN_UNUSED_FUNCTION = YES;
				GCC_WARN_UNUSED_VARIABLE = YES;
				IPHONEOS_DEPLOYMENT_TARGET = 12.4;
				MTL_ENABLE_DEBUG_INFO = INCLUDE_SOURCE;
				MTL_FAST_MATH = YES;
				ONLY_ACTIVE_ARCH = YES;
				SDKROOT = iphoneos;
				SWIFT_ACTIVE_COMPILATION_CONDITIONS = DEBUG;
				SWIFT_OPTIMIZATION_LEVEL = "-Onone";
			};
			name = Debug;
		};
		9997A3BA234D71C800787435 /* Release */ = {
			isa = XCBuildConfiguration;
			buildSettings = {
				ALWAYS_SEARCH_USER_PATHS = NO;
				CLANG_ANALYZER_NONNULL = YES;
				CLANG_ANALYZER_NUMBER_OBJECT_CONVERSION = YES_AGGRESSIVE;
				CLANG_CXX_LANGUAGE_STANDARD = "gnu++14";
				CLANG_CXX_LIBRARY = "libc++";
				CLANG_ENABLE_MODULES = YES;
				CLANG_ENABLE_OBJC_ARC = YES;
				CLANG_ENABLE_OBJC_WEAK = YES;
				CLANG_WARN_BLOCK_CAPTURE_AUTORELEASING = YES;
				CLANG_WARN_BOOL_CONVERSION = YES;
				CLANG_WARN_COMMA = YES;
				CLANG_WARN_CONSTANT_CONVERSION = YES;
				CLANG_WARN_DEPRECATED_OBJC_IMPLEMENTATIONS = YES;
				CLANG_WARN_DIRECT_OBJC_ISA_USAGE = YES_ERROR;
				CLANG_WARN_DOCUMENTATION_COMMENTS = YES;
				CLANG_WARN_EMPTY_BODY = YES;
				CLANG_WARN_ENUM_CONVERSION = YES;
				CLANG_WARN_INFINITE_RECURSION = YES;
				CLANG_WARN_INT_CONVERSION = YES;
				CLANG_WARN_NON_LITERAL_NULL_CONVERSION = YES;
				CLANG_WARN_OBJC_IMPLICIT_RETAIN_SELF = YES;
				CLANG_WARN_OBJC_LITERAL_CONVERSION = YES;
				CLANG_WARN_OBJC_ROOT_CLASS = YES_ERROR;
				CLANG_WARN_RANGE_LOOP_ANALYSIS = YES;
				CLANG_WARN_STRICT_PROTOTYPES = YES;
				CLANG_WARN_SUSPICIOUS_MOVE = YES;
				CLANG_WARN_UNGUARDED_AVAILABILITY = YES_AGGRESSIVE;
				CLANG_WARN_UNREACHABLE_CODE = YES;
				CLANG_WARN__DUPLICATE_METHOD_MATCH = YES;
				CODE_SIGN_IDENTITY = "iPhone Developer";
				COPY_PHASE_STRIP = NO;
				DEBUG_INFORMATION_FORMAT = "dwarf-with-dsym";
				ENABLE_NS_ASSERTIONS = NO;
				ENABLE_STRICT_OBJC_MSGSEND = YES;
				GCC_C_LANGUAGE_STANDARD = gnu11;
				GCC_NO_COMMON_BLOCKS = YES;
				GCC_WARN_64_TO_32_BIT_CONVERSION = YES;
				GCC_WARN_ABOUT_RETURN_TYPE = YES_ERROR;
				GCC_WARN_UNDECLARED_SELECTOR = YES;
				GCC_WARN_UNINITIALIZED_AUTOS = YES_AGGRESSIVE;
				GCC_WARN_UNUSED_FUNCTION = YES;
				GCC_WARN_UNUSED_VARIABLE = YES;
				IPHONEOS_DEPLOYMENT_TARGET = 12.4;
				MTL_ENABLE_DEBUG_INFO = NO;
				MTL_FAST_MATH = YES;
				SDKROOT = iphoneos;
				SWIFT_COMPILATION_MODE = wholemodule;
				SWIFT_OPTIMIZATION_LEVEL = "-O";
				VALIDATE_PRODUCT = YES;
			};
			name = Release;
		};
		9997A3BC234D71C800787435 /* Debug */ = {
			isa = XCBuildConfiguration;
			baseConfigurationReference = 5F78B066C832F52202434A70 /* Pods-YSLoaderSample.debug.xcconfig */;
			buildSettings = {
				ASSETCATALOG_COMPILER_APPICON_NAME = AppIcon;
				CODE_SIGN_STYLE = Automatic;
				DEVELOPMENT_TEAM = 93L23JH8CL;
				INFOPLIST_FILE = "$(SRCROOT)/YSLoaderSample/Resources/Info.plist";
				LD_RUNPATH_SEARCH_PATHS = (
					"$(inherited)",
					"@executable_path/Frameworks",
				);
				PRODUCT_BUNDLE_IDENTIFIER = com.ysaddiq.YSLoaderSample;
				PRODUCT_NAME = "$(TARGET_NAME)";
				SWIFT_VERSION = 5.0;
				TARGETED_DEVICE_FAMILY = "1,2";
			};
			name = Debug;
		};
		9997A3BD234D71C800787435 /* Release */ = {
			isa = XCBuildConfiguration;
			baseConfigurationReference = C0D7835CE5B4F2A7D1AE7DE5 /* Pods-YSLoaderSample.release.xcconfig */;
			buildSettings = {
				ASSETCATALOG_COMPILER_APPICON_NAME = AppIcon;
				CODE_SIGN_STYLE = Automatic;
				DEVELOPMENT_TEAM = 93L23JH8CL;
				INFOPLIST_FILE = "$(SRCROOT)/YSLoaderSample/Resources/Info.plist";
				LD_RUNPATH_SEARCH_PATHS = (
					"$(inherited)",
					"@executable_path/Frameworks",
				);
				PRODUCT_BUNDLE_IDENTIFIER = com.ysaddiq.YSLoaderSample;
				PRODUCT_NAME = "$(TARGET_NAME)";
				SWIFT_VERSION = 5.0;
				TARGETED_DEVICE_FAMILY = "1,2";
			};
			name = Release;
		};
		9997A3BF234D71C800787435 /* Debug */ = {
			isa = XCBuildConfiguration;
			baseConfigurationReference = 943353EAC88AE8C79183EAEB /* Pods-YSLoaderSampleTests.debug.xcconfig */;
			buildSettings = {
				ALWAYS_EMBED_SWIFT_STANDARD_LIBRARIES = YES;
				BUNDLE_LOADER = "$(TEST_HOST)";
				CODE_SIGN_STYLE = Automatic;
				DEVELOPMENT_TEAM = 93L23JH8CL;
				INFOPLIST_FILE = YSLoaderSampleTests/Info.plist;
				LD_RUNPATH_SEARCH_PATHS = (
					"$(inherited)",
					"@executable_path/Frameworks",
					"@loader_path/Frameworks",
				);
				PRODUCT_BUNDLE_IDENTIFIER = com.ysaddiq.YSLoaderSampleTests;
				PRODUCT_NAME = "$(TARGET_NAME)";
				SWIFT_VERSION = 5.0;
				TARGETED_DEVICE_FAMILY = "1,2";
				TEST_HOST = "$(BUILT_PRODUCTS_DIR)/YSLoaderSample.app/YSLoaderSample";
			};
			name = Debug;
		};
		9997A3C0234D71C800787435 /* Release */ = {
			isa = XCBuildConfiguration;
			baseConfigurationReference = EA0520E9FCA24A345EA38C06 /* Pods-YSLoaderSampleTests.release.xcconfig */;
			buildSettings = {
				ALWAYS_EMBED_SWIFT_STANDARD_LIBRARIES = YES;
				BUNDLE_LOADER = "$(TEST_HOST)";
				CODE_SIGN_STYLE = Automatic;
				DEVELOPMENT_TEAM = 93L23JH8CL;
				INFOPLIST_FILE = YSLoaderSampleTests/Info.plist;
				LD_RUNPATH_SEARCH_PATHS = (
					"$(inherited)",
					"@executable_path/Frameworks",
					"@loader_path/Frameworks",
				);
				PRODUCT_BUNDLE_IDENTIFIER = com.ysaddiq.YSLoaderSampleTests;
				PRODUCT_NAME = "$(TARGET_NAME)";
				SWIFT_VERSION = 5.0;
				TARGETED_DEVICE_FAMILY = "1,2";
				TEST_HOST = "$(BUILT_PRODUCTS_DIR)/YSLoaderSample.app/YSLoaderSample";
			};
			name = Release;
		};
/* End XCBuildConfiguration section */

/* Begin XCConfigurationList section */
		9997A399234D71C600787435 /* Build configuration list for PBXProject "YSLoaderSample" */ = {
			isa = XCConfigurationList;
			buildConfigurations = (
				9997A3B9234D71C800787435 /* Debug */,
				9997A3BA234D71C800787435 /* Release */,
			);
			defaultConfigurationIsVisible = 0;
			defaultConfigurationName = Release;
		};
		9997A3BB234D71C800787435 /* Build configuration list for PBXNativeTarget "YSLoaderSample" */ = {
			isa = XCConfigurationList;
			buildConfigurations = (
				9997A3BC234D71C800787435 /* Debug */,
				9997A3BD234D71C800787435 /* Release */,
			);
			defaultConfigurationIsVisible = 0;
			defaultConfigurationName = Release;
		};
		9997A3BE234D71C800787435 /* Build configuration list for PBXNativeTarget "YSLoaderSampleTests" */ = {
			isa = XCConfigurationList;
			buildConfigurations = (
				9997A3BF234D71C800787435 /* Debug */,
				9997A3C0234D71C800787435 /* Release */,
			);
			defaultConfigurationIsVisible = 0;
			defaultConfigurationName = Release;
		};
/* End XCConfigurationList section */
	};
	rootObject = 9997A396234D71C600787435 /* Project object */;
}
